// !$*UTF8*$!
{
	archiveVersion = 1;
	classes = {
	};
	objectVersion = 50;
	objects = {

/* Begin PBXBuildFile section */
		FADB7AD3239FB77100828A8D /* AppDelegate.swift in Sources */ = {isa = PBXBuildFile; fileRef = FADB7AD2239FB77100828A8D /* AppDelegate.swift */; };
		FADB7AD5239FB77100828A8D /* ViewController.swift in Sources */ = {isa = PBXBuildFile; fileRef = FADB7AD4239FB77100828A8D /* ViewController.swift */; };
		FADB7AD8239FB77100828A8D /* Main.storyboard in Resources */ = {isa = PBXBuildFile; fileRef = FADB7AD6239FB77100828A8D /* Main.storyboard */; };
		FADB7ADA239FB77600828A8D /* Assets.xcassets in Resources */ = {isa = PBXBuildFile; fileRef = FADB7AD9239FB77600828A8D /* Assets.xcassets */; };
		FADB7ADD239FB77600828A8D /* LaunchScreen.storyboard in Resources */ = {isa = PBXBuildFile; fileRef = FADB7ADB239FB77600828A8D /* LaunchScreen.storyboard */; };
		FADB7AE8239FB77600828A8D /* WeatherTests.swift in Sources */ = {isa = PBXBuildFile; fileRef = FADB7AE7239FB77600828A8D /* WeatherTests.swift */; };
		FADB7AF3239FB77600828A8D /* WeatherUITests.swift in Sources */ = {isa = PBXBuildFile; fileRef = FADB7AF2239FB77600828A8D /* WeatherUITests.swift */; };
/* End PBXBuildFile section */

/* Begin PBXContainerItemProxy section */
		FADB7AE4239FB77600828A8D /* PBXContainerItemProxy */ = {
			isa = PBXContainerItemProxy;
			containerPortal = FADB7AC7239FB77100828A8D /* Project object */;
			proxyType = 1;
			remoteGlobalIDString = FADB7ACE239FB77100828A8D;
			remoteInfo = Weather;
		};
		FADB7AEF239FB77600828A8D /* PBXContainerItemProxy */ = {
			isa = PBXContainerItemProxy;
			containerPortal = FADB7AC7239FB77100828A8D /* Project object */;
			proxyType = 1;
			remoteGlobalIDString = FADB7ACE239FB77100828A8D;
			remoteInfo = Weather;
		};
/* End PBXContainerItemProxy section */

/* Begin PBXFileReference section */
		FADB7ACF239FB77100828A8D /* Weather.app */ = {isa = PBXFileReference; explicitFileType = wrapper.application; includeInIndex = 0; path = Weather.app; sourceTree = BUILT_PRODUCTS_DIR; };
		FADB7AD2239FB77100828A8D /* AppDelegate.swift */ = {isa = PBXFileReference; lastKnownFileType = sourcecode.swift; path = AppDelegate.swift; sourceTree = "<group>"; };
		FADB7AD4239FB77100828A8D /* ViewController.swift */ = {isa = PBXFileReference; lastKnownFileType = sourcecode.swift; path = ViewController.swift; sourceTree = "<group>"; };
		FADB7AD7239FB77100828A8D /* Base */ = {isa = PBXFileReference; lastKnownFileType = file.storyboard; name = Base; path = Base.lproj/Main.storyboard; sourceTree = "<group>"; };
		FADB7AD9239FB77600828A8D /* Assets.xcassets */ = {isa = PBXFileReference; lastKnownFileType = folder.assetcatalog; path = Assets.xcassets; sourceTree = "<group>"; };
		FADB7ADC239FB77600828A8D /* Base */ = {isa = PBXFileReference; lastKnownFileType = file.storyboard; name = Base; path = Base.lproj/LaunchScreen.storyboard; sourceTree = "<group>"; };
		FADB7ADE239FB77600828A8D /* Info.plist */ = {isa = PBXFileReference; lastKnownFileType = text.plist.xml; path = Info.plist; sourceTree = "<group>"; };
		FADB7AE3239FB77600828A8D /* WeatherTests.xctest */ = {isa = PBXFileReference; explicitFileType = wrapper.cfbundle; includeInIndex = 0; path = WeatherTests.xctest; sourceTree = BUILT_PRODUCTS_DIR; };
		FADB7AE7239FB77600828A8D /* WeatherTests.swift */ = {isa = PBXFileReference; lastKnownFileType = sourcecode.swift; path = WeatherTests.swift; sourceTree = "<group>"; };
		FADB7AE9239FB77600828A8D /* Info.plist */ = {isa = PBXFileReference; lastKnownFileType = text.plist.xml; path = Info.plist; sourceTree = "<group>"; };
		FADB7AEE239FB77600828A8D /* WeatherUITests.xctest */ = {isa = PBXFileReference; explicitFileType = wrapper.cfbundle; includeInIndex = 0; path = WeatherUITests.xctest; sourceTree = BUILT_PRODUCTS_DIR; };
		FADB7AF2239FB77600828A8D /* WeatherUITests.swift */ = {isa = PBXFileReference; lastKnownFileType = sourcecode.swift; path = WeatherUITests.swift; sourceTree = "<group>"; };
		FADB7AF4239FB77600828A8D /* Info.plist */ = {isa = PBXFileReference; lastKnownFileType = text.plist.xml; path = Info.plist; sourceTree = "<group>"; };
/* End PBXFileReference section */

/* Begin PBXFrameworksBuildPhase section */
		FADB7ACC239FB77100828A8D /* Frameworks */ = {
			isa = PBXFrameworksBuildPhase;
			buildActionMask = 2147483647;
			files = (
			);
			runOnlyForDeploymentPostprocessing = 0;
		};
		FADB7AE0239FB77600828A8D /* Frameworks */ = {
			isa = PBXFrameworksBuildPhase;
			buildActionMask = 2147483647;
			files = (
			);
			runOnlyForDeploymentPostprocessing = 0;
		};
		FADB7AEB239FB77600828A8D /* Frameworks */ = {
			isa = PBXFrameworksBuildPhase;
			buildActionMask = 2147483647;
			files = (
			);
			runOnlyForDeploymentPostprocessing = 0;
		};
/* End PBXFrameworksBuildPhase section */

/* Begin PBXGroup section */
		FADB7AC6239FB77100828A8D = {
			isa = PBXGroup;
			children = (
				FADB7AD1239FB77100828A8D /* Weather */,
				FADB7AE6239FB77600828A8D /* WeatherTests */,
				FADB7AF1239FB77600828A8D /* WeatherUITests */,
				FADB7AD0239FB77100828A8D /* Products */,
			);
			sourceTree = "<group>";
		};
		FADB7AD0239FB77100828A8D /* Products */ = {
			isa = PBXGroup;
			children = (
				FADB7ACF239FB77100828A8D /* Weather.app */,
				FADB7AE3239FB77600828A8D /* WeatherTests.xctest */,
				FADB7AEE239FB77600828A8D /* WeatherUITests.xctest */,
			);
			name = Products;
			sourceTree = "<group>";
		};
		FADB7AD1239FB77100828A8D /* Weather */ = {
			isa = PBXGroup;
			children = (
				FADB7AD2239FB77100828A8D /* AppDelegate.swift */,
				FADB7AD4239FB77100828A8D /* ViewController.swift */,
				FADB7AD6239FB77100828A8D /* Main.storyboard */,
				FADB7AD9239FB77600828A8D /* Assets.xcassets */,
				FADB7ADB239FB77600828A8D /* LaunchScreen.storyboard */,
				FADB7ADE239FB77600828A8D /* Info.plist */,
			);
			path = Weather;
			sourceTree = "<group>";
		};
		FADB7AE6239FB77600828A8D /* WeatherTests */ = {
			isa = PBXGroup;
			children = (
				FADB7AE7239FB77600828A8D /* WeatherTests.swift */,
				FADB7AE9239FB77600828A8D /* Info.plist */,
			);
			path = WeatherTests;
			sourceTree = "<group>";
		};
		FADB7AF1239FB77600828A8D /* WeatherUITests */ = {
			isa = PBXGroup;
			children = (
				FADB7AF2239FB77600828A8D /* WeatherUITests.swift */,
				FADB7AF4239FB77600828A8D /* Info.plist */,
			);
			path = WeatherUITests;
			sourceTree = "<group>";
		};
/* End PBXGroup section */

/* Begin PBXNativeTarget section */
		FADB7ACE239FB77100828A8D /* Weather */ = {
			isa = PBXNativeTarget;
			buildConfigurationList = FADB7AF7239FB77600828A8D /* Build configuration list for PBXNativeTarget "Weather" */;
			buildPhases = (
				FADB7ACB239FB77100828A8D /* Sources */,
				FADB7ACC239FB77100828A8D /* Frameworks */,
				FADB7ACD239FB77100828A8D /* Resources */,
			);
			buildRules = (
			);
			dependencies = (
			);
			name = Weather;
			productName = Weather;
			productReference = FADB7ACF239FB77100828A8D /* Weather.app */;
			productType = "com.apple.product-type.application";
		};
		FADB7AE2239FB77600828A8D /* WeatherTests */ = {
			isa = PBXNativeTarget;
			buildConfigurationList = FADB7AFA239FB77600828A8D /* Build configuration list for PBXNativeTarget "WeatherTests" */;
			buildPhases = (
				FADB7ADF239FB77600828A8D /* Sources */,
				FADB7AE0239FB77600828A8D /* Frameworks */,
				FADB7AE1239FB77600828A8D /* Resources */,
			);
			buildRules = (
			);
			dependencies = (
				FADB7AE5239FB77600828A8D /* PBXTargetDependency */,
			);
			name = WeatherTests;
			productName = WeatherTests;
			productReference = FADB7AE3239FB77600828A8D /* WeatherTests.xctest */;
			productType = "com.apple.product-type.bundle.unit-test";
		};
		FADB7AED239FB77600828A8D /* WeatherUITests */ = {
			isa = PBXNativeTarget;
			buildConfigurationList = FADB7AFD239FB77600828A8D /* Build configuration list for PBXNativeTarget "WeatherUITests" */;
			buildPhases = (
				FADB7AEA239FB77600828A8D /* Sources */,
				FADB7AEB239FB77600828A8D /* Frameworks */,
				FADB7AEC239FB77600828A8D /* Resources */,
			);
			buildRules = (
			);
			dependencies = (
				FADB7AF0239FB77600828A8D /* PBXTargetDependency */,
			);
			name = WeatherUITests;
			productName = WeatherUITests;
			productReference = FADB7AEE239FB77600828A8D /* WeatherUITests.xctest */;
			productType = "com.apple.product-type.bundle.ui-testing";
		};
/* End PBXNativeTarget section */

/* Begin PBXProject section */
		FADB7AC7239FB77100828A8D /* Project object */ = {
			isa = PBXProject;
			attributes = {
				LastSwiftUpdateCheck = 1010;
				LastUpgradeCheck = 1010;
				ORGANIZATIONNAME = "CASTRTROY TECHNOLOGY LIMITED";
				TargetAttributes = {
					FADB7ACE239FB77100828A8D = {
						CreatedOnToolsVersion = 10.1;
					};
					FADB7AE2239FB77600828A8D = {
						CreatedOnToolsVersion = 10.1;
						TestTargetID = FADB7ACE239FB77100828A8D;
					};
					FADB7AED239FB77600828A8D = {
						CreatedOnToolsVersion = 10.1;
						TestTargetID = FADB7ACE239FB77100828A8D;
					};
				};
			};
			buildConfigurationList = FADB7ACA239FB77100828A8D /* Build configuration list for PBXProject "Weather" */;
			compatibilityVersion = "Xcode 9.3";
			developmentRegion = en;
			hasScannedForEncodings = 0;
			knownRegions = (
				en,
				Base,
			);
			mainGroup = FADB7AC6239FB77100828A8D;
			productRefGroup = FADB7AD0239FB77100828A8D /* Products */;
			projectDirPath = "";
			projectRoot = "";
			targets = (
				FADB7ACE239FB77100828A8D /* Weather */,
				FADB7AE2239FB77600828A8D /* WeatherTests */,
				FADB7AED239FB77600828A8D /* WeatherUITests */,
			);
		};
/* End PBXProject section */

/* Begin PBXResourcesBuildPhase section */
		FADB7ACD239FB77100828A8D /* Resources */ = {
			isa = PBXResourcesBuildPhase;
			buildActionMask = 2147483647;
			files = (
				FADB7ADD239FB77600828A8D /* LaunchScreen.storyboard in Resources */,
				FADB7ADA239FB77600828A8D /* Assets.xcassets in Resources */,
				FADB7AD8239FB77100828A8D /* Main.storyboard in Resources */,
			);
			runOnlyForDeploymentPostprocessing = 0;
		};
		FADB7AE1239FB77600828A8D /* Resources */ = {
			isa = PBXResourcesBuildPhase;
			buildActionMask = 2147483647;
			files = (
			);
			runOnlyForDeploymentPostprocessing = 0;
		};
		FADB7AEC239FB77600828A8D /* Resources */ = {
			isa = PBXResourcesBuildPhase;
			buildActionMask = 2147483647;
			files = (
			);
			runOnlyForDeploymentPostprocessing = 0;
		};
/* End PBXResourcesBuildPhase section */

/* Begin PBXSourcesBuildPhase section */
		FADB7ACB239FB77100828A8D /* Sources */ = {
			isa = PBXSourcesBuildPhase;
			buildActionMask = 2147483647;
			files = (
				FADB7AD5239FB77100828A8D /* ViewController.swift in Sources */,
				FADB7AD3239FB77100828A8D /* AppDelegate.swift in Sources */,
			);
			runOnlyForDeploymentPostprocessing = 0;
		};
		FADB7ADF239FB77600828A8D /* Sources */ = {
			isa = PBXSourcesBuildPhase;
			buildActionMask = 2147483647;
			files = (
				FADB7AE8239FB77600828A8D /* WeatherTests.swift in Sources */,
			);
			runOnlyForDeploymentPostprocessing = 0;
		};
		FADB7AEA239FB77600828A8D /* Sources */ = {
			isa = PBXSourcesBuildPhase;
			buildActionMask = 2147483647;
			files = (
				FADB7AF3239FB77600828A8D /* WeatherUITests.swift in Sources */,
			);
			runOnlyForDeploymentPostprocessing = 0;
		};
/* End PBXSourcesBuildPhase section */

/* Begin PBXTargetDependency section */
		FADB7AE5239FB77600828A8D /* PBXTargetDependency */ = {
			isa = PBXTargetDependency;
			target = FADB7ACE239FB77100828A8D /* Weather */;
			targetProxy = FADB7AE4239FB77600828A8D /* PBXContainerItemProxy */;
		};
		FADB7AF0239FB77600828A8D /* PBXTargetDependency */ = {
			isa = PBXTargetDependency;
			target = FADB7ACE239FB77100828A8D /* Weather */;
			targetProxy = FADB7AEF239FB77600828A8D /* PBXContainerItemProxy */;
		};
/* End PBXTargetDependency section */

/* Begin PBXVariantGroup section */
		FADB7AD6239FB77100828A8D /* Main.storyboard */ = {
			isa = PBXVariantGroup;
			children = (
				FADB7AD7239FB77100828A8D /* Base */,
			);
			name = Main.storyboard;
			sourceTree = "<group>";
		};
		FADB7ADB239FB77600828A8D /* LaunchScreen.storyboard */ = {
			isa = PBXVariantGroup;
			children = (
				FADB7ADC239FB77600828A8D /* Base */,
			);
			name = LaunchScreen.storyboard;
			sourceTree = "<group>";
		};
/* End PBXVariantGroup section */

/* Begin XCBuildConfiguration section */
		FADB7AF5239FB77600828A8D /* Debug */ = {
			isa = XCBuildConfiguration;
			buildSettings = {
				ALWAYS_SEARCH_USER_PATHS = NO;
				CLANG_ANALYZER_NONNULL = YES;
				CLANG_ANALYZER_NUMBER_OBJECT_CONVERSION = YES_AGGRESSIVE;
				CLANG_CXX_LANGUAGE_STANDARD = "gnu++14";
				CLANG_CXX_LIBRARY = "libc++";
				CLANG_ENABLE_MODULES = YES;
				CLANG_ENABLE_OBJC_ARC = YES;
				CLANG_ENABLE_OBJC_WEAK = YES;
				CLANG_WARN_BLOCK_CAPTURE_AUTORELEASING = YES;
				CLANG_WARN_BOOL_CONVERSION = YES;
				CLANG_WARN_COMMA = YES;
				CLANG_WARN_CONSTANT_CONVERSION = YES;
				CLANG_WARN_DEPRECATED_OBJC_IMPLEMENTATIONS = YES;
				CLANG_WARN_DIRECT_OBJC_ISA_USAGE = YES_ERROR;
				CLANG_WARN_DOCUMENTATION_COMMENTS = YES;
				CLANG_WARN_EMPTY_BODY = YES;
				CLANG_WARN_ENUM_CONVERSION = YES;
				CLANG_WARN_INFINITE_RECURSION = YES;
				CLANG_WARN_INT_CONVERSION = YES;
				CLANG_WARN_NON_LITERAL_NULL_CONVERSION = YES;
				CLANG_WARN_OBJC_IMPLICIT_RETAIN_SELF = YES;
				CLANG_WARN_OBJC_LITERAL_CONVERSION = YES;
				CLANG_WARN_OBJC_ROOT_CLASS = YES_ERROR;
				CLANG_WARN_RANGE_LOOP_ANALYSIS = YES;
				CLANG_WARN_STRICT_PROTOTYPES = YES;
				CLANG_WARN_SUSPICIOUS_MOVE = YES;
				CLANG_WARN_UNGUARDED_AVAILABILITY = YES_AGGRESSIVE;
				CLANG_WARN_UNREACHABLE_CODE = YES;
				CLANG_WARN__DUPLICATE_METHOD_MATCH = YES;
				CODE_SIGN_IDENTITY = "iPhone Developer";
				COPY_PHASE_STRIP = NO;
				DEBUG_INFORMATION_FORMAT = dwarf;
				ENABLE_STRICT_OBJC_MSGSEND = YES;
				ENABLE_TESTABILITY = YES;
				GCC_C_LANGUAGE_STANDARD = gnu11;
				GCC_DYNAMIC_NO_PIC = NO;
				GCC_NO_COMMON_BLOCKS = YES;
				GCC_OPTIMIZATION_LEVEL = 0;
				GCC_PREPROCESSOR_DEFINITIONS = (
					"DEBUG=1",
					"$(inherited)",
				);
				GCC_WARN_64_TO_32_BIT_CONVERSION = YES;
				GCC_WARN_ABOUT_RETURN_TYPE = YES_ERROR;
				GCC_WARN_UNDECLARED_SELECTOR = YES;
				GCC_WARN_UNINITIALIZED_AUTOS = YES_AGGRESSIVE;
				GCC_WARN_UNUSED_FUNCTION = YES;
				GCC_WARN_UNUSED_VARIABLE = YES;
				IPHONEOS_DEPLOYMENT_TARGET = 12.1;
				MTL_ENABLE_DEBUG_INFO = INCLUDE_SOURCE;
				MTL_FAST_MATH = YES;
				ONLY_ACTIVE_ARCH = YES;
				SDKROOT = iphoneos;
				SWIFT_ACTIVE_COMPILATION_CONDITIONS = DEBUG;
				SWIFT_OPTIMIZATION_LEVEL = "-Onone";
			};
			name = Debug;
		};
		FADB7AF6239FB77600828A8D /* Release */ = {
			isa = XCBuildConfiguration;
			buildSettings = {
				ALWAYS_SEARCH_USER_PATHS = NO;
				CLANG_ANALYZER_NONNULL = YES;
				CLANG_ANALYZER_NUMBER_OBJECT_CONVERSION = YES_AGGRESSIVE;
				CLANG_CXX_LANGUAGE_STANDARD = "gnu++14";
				CLANG_CXX_LIBRARY = "libc++";
				CLANG_ENABLE_MODULES = YES;
				CLANG_ENABLE_OBJC_ARC = YES;
				CLANG_ENABLE_OBJC_WEAK = YES;
				CLANG_WARN_BLOCK_CAPTURE_AUTORELEASING = YES;
				CLANG_WARN_BOOL_CONVERSION = YES;
				CLANG_WARN_COMMA = YES;
				CLANG_WARN_CONSTANT_CONVERSION = YES;
				CLANG_WARN_DEPRECATED_OBJC_IMPLEMENTATIONS = YES;
				CLANG_WARN_DIRECT_OBJC_ISA_USAGE = YES_ERROR;
				CLANG_WARN_DOCUMENTATION_COMMENTS = YES;
				CLANG_WARN_EMPTY_BODY = YES;
				CLANG_WARN_ENUM_CONVERSION = YES;
				CLANG_WARN_INFINITE_RECURSION = YES;
				CLANG_WARN_INT_CONVERSION = YES;
				CLANG_WARN_NON_LITERAL_NULL_CONVERSION = YES;
				CLANG_WARN_OBJC_IMPLICIT_RETAIN_SELF = YES;
				CLANG_WARN_OBJC_LITERAL_CONVERSION = YES;
				CLANG_WARN_OBJC_ROOT_CLASS = YES_ERROR;
				CLANG_WARN_RANGE_LOOP_ANALYSIS = YES;
				CLANG_WARN_STRICT_PROTOTYPES = YES;
				CLANG_WARN_SUSPICIOUS_MOVE = YES;
				CLANG_WARN_UNGUARDED_AVAILABILITY = YES_AGGRESSIVE;
				CLANG_WARN_UNREACHABLE_CODE = YES;
				CLANG_WARN__DUPLICATE_METHOD_MATCH = YES;
				CODE_SIGN_IDENTITY = "iPhone Developer";
				COPY_PHASE_STRIP = NO;
				DEBUG_INFORMATION_FORMAT = "dwarf-with-dsym";
				ENABLE_NS_ASSERTIONS = NO;
				ENABLE_STRICT_OBJC_MSGSEND = YES;
				GCC_C_LANGUAGE_STANDARD = gnu11;
				GCC_NO_COMMON_BLOCKS = YES;
				GCC_WARN_64_TO_32_BIT_CONVERSION = YES;
				GCC_WARN_ABOUT_RETURN_TYPE = YES_ERROR;
				GCC_WARN_UNDECLARED_SELECTOR = YES;
				GCC_WARN_UNINITIALIZED_AUTOS = YES_AGGRESSIVE;
				GCC_WARN_UNUSED_FUNCTION = YES;
				GCC_WARN_UNUSED_VARIABLE = YES;
				IPHONEOS_DEPLOYMENT_TARGET = 12.1;
				MTL_ENABLE_DEBUG_INFO = NO;
				MTL_FAST_MATH = YES;
				SDKROOT = iphoneos;
				SWIFT_COMPILATION_MODE = wholemodule;
				SWIFT_OPTIMIZATION_LEVEL = "-O";
				VALIDATE_PRODUCT = YES;
			};
			name = Release;
		};
		FADB7AF8239FB77600828A8D /* Debug */ = {
			isa = XCBuildConfiguration;
			buildSettings = {
				ASSETCATALOG_COMPILER_APPICON_NAME = AppIcon;
				CODE_SIGN_STYLE = Automatic;
				DEVELOPMENT_TEAM = 9DRM3TYF3M;
				INFOPLIST_FILE = Weather/Info.plist;
				LD_RUNPATH_SEARCH_PATHS = (
					"$(inherited)",
					"@executable_path/Frameworks",
				);
				PRODUCT_BUNDLE_IDENTIFIER = CASTRTROY.Weather;
				PRODUCT_NAME = "$(TARGET_NAME)";
				SWIFT_VERSION = 4.2;
				TARGETED_DEVICE_FAMILY = "1,2";
			};
			name = Debug;
		};
		FADB7AF9239FB77600828A8D /* Release */ = {
			isa = XCBuildConfiguration;
			buildSettings = {
				ASSETCATALOG_COMPILER_APPICON_NAME = AppIcon;
				CODE_SIGN_STYLE = Automatic;
				DEVELOPMENT_TEAM = 9DRM3TYF3M;
				INFOPLIST_FILE = Weather/Info.plist;
				LD_RUNPATH_SEARCH_PATHS = (
					"$(inherited)",
					"@executable_path/Frameworks",
				);
				PRODUCT_BUNDLE_IDENTIFIER = CASTRTROY.Weather;
				PRODUCT_NAME = "$(TARGET_NAME)";
				SWIFT_VERSION = 4.2;
				TARGETED_DEVICE_FAMILY = "1,2";
			};
			name = Release;
		};
		FADB7AFB239FB77600828A8D /* Debug */ = {
			isa = XCBuildConfiguration;
			buildSettings = {
				ALWAYS_EMBED_SWIFT_STANDARD_LIBRARIES = YES;
				BUNDLE_LOADER = "$(TEST_HOST)";
				CODE_SIGN_STYLE = Automatic;
				DEVELOPMENT_TEAM = 9DRM3TYF3M;
				INFOPLIST_FILE = WeatherTests/Info.plist;
				LD_RUNPATH_SEARCH_PATHS = (
					"$(inherited)",
					"@executable_path/Frameworks",
					"@loader_path/Frameworks",
				);
				PRODUCT_BUNDLE_IDENTIFIER = CASTRTROY.WeatherTests;
				PRODUCT_NAME = "$(TARGET_NAME)";
				SWIFT_VERSION = 4.2;
				TARGETED_DEVICE_FAMILY = "1,2";
				TEST_HOST = "$(BUILT_PRODUCTS_DIR)/Weather.app/Weather";
			};
			name = Debug;
		};
		FADB7AFC239FB77600828A8D /* Release */ = {
			isa = XCBuildConfiguration;
			buildSettings = {
				ALWAYS_EMBED_SWIFT_STANDARD_LIBRARIES = YES;
				BUNDLE_LOADER = "$(TEST_HOST)";
				CODE_SIGN_STYLE = Automatic;
				DEVELOPMENT_TEAM = 9DRM3TYF3M;
				INFOPLIST_FILE = WeatherTests/Info.plist;
				LD_RUNPATH_SEARCH_PATHS = (
					"$(inherited)",
					"@executable_path/Frameworks",
					"@loader_path/Frameworks",
				);
				PRODUCT_BUNDLE_IDENTIFIER = CASTRTROY.WeatherTests;
				PRODUCT_NAME = "$(TARGET_NAME)";
				SWIFT_VERSION = 4.2;
				TARGETED_DEVICE_FAMILY = "1,2";
				TEST_HOST = "$(BUILT_PRODUCTS_DIR)/Weather.app/Weather";
			};
			name = Release;
		};
		FADB7AFE239FB77600828A8D /* Debug */ = {
			isa = XCBuildConfiguration;
			buildSettings = {
				ALWAYS_EMBED_SWIFT_STANDARD_LIBRARIES = YES;
				CODE_SIGN_STYLE = Automatic;
				DEVELOPMENT_TEAM = 9DRM3TYF3M;
				INFOPLIST_FILE = WeatherUITests/Info.plist;
				LD_RUNPATH_SEARCH_PATHS = (
					"$(inherited)",
					"@executable_path/Frameworks",
					"@loader_path/Frameworks",
				);
				PRODUCT_BUNDLE_IDENTIFIER = CASTRTROY.WeatherUITests;
				PRODUCT_NAME = "$(TARGET_NAME)";
				SWIFT_VERSION = 4.2;
				TARGETED_DEVICE_FAMILY = "1,2";
				TEST_TARGET_NAME = Weather;
			};
			name = Debug;
		};
		FADB7AFF239FB77600828A8D /* Release */ = {
			isa = XCBuildConfiguration;
			buildSettings = {
				ALWAYS_EMBED_SWIFT_STANDARD_LIBRARIES = YES;
				CODE_SIGN_STYLE = Automatic;
				DEVELOPMENT_TEAM = 9DRM3TYF3M;
				INFOPLIST_FILE = WeatherUITests/Info.plist;
				LD_RUNPATH_SEARCH_PATHS = (
					"$(inherited)",
					"@executable_path/Frameworks",
					"@loader_path/Frameworks",
				);
				PRODUCT_BUNDLE_IDENTIFIER = CASTRTROY.WeatherUITests;
				PRODUCT_NAME = "$(TARGET_NAME)";
				SWIFT_VERSION = 4.2;
				TARGETED_DEVICE_FAMILY = "1,2";
				TEST_TARGET_NAME = Weather;
			};
			name = Release;
		};
/* End XCBuildConfiguration section */

/* Begin XCConfigurationList section */
		FADB7ACA239FB77100828A8D /* Build configuration list for PBXProject "Weather" */ = {
			isa = XCConfigurationList;
			buildConfigurations = (
				FADB7AF5239FB77600828A8D /* Debug */,
				FADB7AF6239FB77600828A8D /* Release */,
			);
			defaultConfigurationIsVisible = 0;
			defaultConfigurationName = Release;
		};
		FADB7AF7239FB77600828A8D /* Build configuration list for PBXNativeTarget "Weather" */ = {
			isa = XCConfigurationList;
			buildConfigurations = (
				FADB7AF8239FB77600828A8D /* Debug */,
				FADB7AF9239FB77600828A8D /* Release */,
			);
			defaultConfigurationIsVisible = 0;
			defaultConfigurationName = Release;
		};
		FADB7AFA239FB77600828A8D /* Build configuration list for PBXNativeTarget "WeatherTests" */ = {
			isa = XCConfigurationList;
			buildConfigurations = (
				FADB7AFB239FB77600828A8D /* Debug */,
				FADB7AFC239FB77600828A8D /* Release */,
			);
			defaultConfigurationIsVisible = 0;
			defaultConfigurationName = Release;
		};
		FADB7AFD239FB77600828A8D /* Build configuration list for PBXNativeTarget "WeatherUITests" */ = {
			isa = XCConfigurationList;
			buildConfigurations = (
				FADB7AFE239FB77600828A8D /* Debug */,
				FADB7AFF239FB77600828A8D /* Release */,
			);
			defaultConfigurationIsVisible = 0;
			defaultConfigurationName = Release;
		};
/* End XCConfigurationList section */
	};
	rootObject = FADB7AC7239FB77100828A8D /* Project object */;
}
